
Microsoft Visual Studio Solution File, Format Version 12.00
# Visual Studio Version 17
VisualStudioVersion = 17.0.31903.59
MinimumVisualStudioVersion = 10.0.40219.1
Project("{FAE04EC0-301F-11D3-BF4B-00C04F79EFBC}") = "Wedding", "Wedding.csproj", "{0D5C5910-F477-4106-B401-0837E1C11F57}"
EndProject
Global
	GlobalSection(SolutionConfigurationPlatforms) = preSolution
		Debug|Any CPU = Debug|Any CPU
		Release|Any CPU = Release|Any CPU
	EndGlobalSection
	GlobalSection(ProjectConfigurationPlatforms) = postSolution
		{0D5C5910-F477-4106-B401-0837E1C11F57}.Debug|Any CPU.ActiveCfg = Debug|Any CPU
		{0D5C5910-F477-4106-B401-0837E1C11F57}.Debug|Any CPU.Build.0 = Debug|Any CPU
		{0D5C5910-F477-4106-B401-0837E1C11F57}.Release|Any CPU.ActiveCfg = Release|Any CPU
		{0D5C5910-F477-4106-B401-0837E1C11F57}.Release|Any CPU.Build.0 = Release|Any CPU
	EndGlobalSection
	GlobalSection(SolutionProperties) = preSolution
		HideSolutionNode = FALSE
	EndGlobalSection
	GlobalSection(ExtensibilityGlobals) = postSolution
		SolutionGuid = {037AC89C-0A9F-4CD2-AC17-573321959F38}
	EndGlobalSection
EndGlobal
